
Microsoft Visual Studio Solution File, Format Version 12.00
# Visual Studio Version 17
VisualStudioVersion = 17.10.35122.118
MinimumVisualStudioVersion = 10.0.40219.1
Project("{FAE04EC0-301F-11D3-BF4B-00C04F79EFBC}") = "SAPS_EDocket_WebApp", "SAPS_EDocket_WebApp\SAPS_EDocket_WebApp.csproj", "{02318844-B55F-4E33-AC82-35FB1C32D3B0}"
EndProject
Global
	GlobalSection(SolutionConfigurationPlatforms) = preSolution
		Debug|Any CPU = Debug|Any CPU
		Release|Any CPU = Release|Any CPU
	EndGlobalSection
	GlobalSection(ProjectConfigurationPlatforms) = postSolution
		{02318844-B55F-4E33-AC82-35FB1C32D3B0}.Debug|Any CPU.ActiveCfg = Debug|Any CPU
		{02318844-B55F-4E33-AC82-35FB1C32D3B0}.Debug|Any CPU.Build.0 = Debug|Any CPU
		{02318844-B55F-4E33-AC82-35FB1C32D3B0}.Release|Any CPU.ActiveCfg = Release|Any CPU
		{02318844-B55F-4E33-AC82-35FB1C32D3B0}.Release|Any CPU.Build.0 = Release|Any CPU
	EndGlobalSection
	GlobalSection(SolutionProperties) = preSolution
		HideSolutionNode = FALSE
	EndGlobalSection
	GlobalSection(ExtensibilityGlobals) = postSolution
		SolutionGuid = {BF54C7D5-DEE0-421B-9644-5EEBEA12754F}
	EndGlobalSection
EndGlobal
